version = 1
revision = 3
requires-python = ">=3.12"

[[package]]
name = "agent2"
version = "0.1.0"
source = { editable = "." }
dependencies = [
    { name = "tree-sitter-language-pack" },
]

[package.metadata]
requires-dist = [{ name = "tree-sitter-language-pack", specifier = ">=1.9.1" }]

[[package]]
name = "tree-sitter-language-pack"
version = "1.9.1"
source = { registry = "https://pypi.org/simple" }
sdist = { url = "https://files.pythonhosted.org/packages/47/7b/d4bd0914ff291a6b8f8ba501d71f72cc328fc662b2fdb8e6b4a5f5a1ad74/tree_sitter_language_pack-1.9.1.tar.gz", hash = "sha256:dcabe14de9e35e338943112fb1f4cb58d620086d08c19bcf2fd611a6014e4c89", size = 77706, upload-time = "2026-06-18T16:27:34.041Z" }
wheels = [
    { url = "https://files.pythonhosted.org/packages/e3/22/f19ced57d529e5705da4fdb63067aa4508064e461fcee6584a5a442e383c/tree_sitter_language_pack-1.9.1-cp310-abi3-macosx_10_12_x86_64.whl", hash = "sha256:d5fc82a04784e7adff00253a64cd4a6ba9682068429adea3dbe6e00ff061bbe7", size = 2092994, upload-time = "2026-06-18T16:27:28.147Z" },
    { url = "https://files.pythonhosted.org/packages/86/f3/0e86ee5af813ee6bea5a539e8349d97d588c31a0e8e6327fab5e2a95b59a/tree_sitter_language_pack-1.9.1-cp310-abi3-macosx_11_0_arm64.whl", hash = "sha256:a5d658cc878cacab48c804dc03a6c0dd8ad7eb6831a4e7ba13581e34fac1be7d", size = 1975842, upload-time = "2026-06-18T16:27:29.45Z" },
    { url = "https://files.pythonhosted.org/packages/22/00/5530e727b0de508b61ae2c8bb3f89756355c3d78ae6a301b84e9ec9b93c8/tree_sitter_language_pack-1.9.1-cp310-abi3-manylinux_2_34_aarch64.whl", hash = "sha256:be4596abaf3aae9f6d2e7513384c3401747de8b74d1c598fbab55fbe6914ee74", size = 2141318, upload-time = "2026-06-18T16:27:30.58Z" },
    { url = "https://files.pythonhosted.org/packages/b2/8a/1d97dec373b5dbc842c26be4ee5fc6b02f1459be7be98a141d32331ec8fd/tree_sitter_language_pack-1.9.1-cp310-abi3-manylinux_2_34_x86_64.whl", hash = "sha256:0ba69d3ca575618479a6c7d4a817d09cbc7815f31e44933756e5ff7a4bcd340b", size = 2251525, upload-time = "2026-06-18T16:27:34.837Z" },
    { url = "https://files.pythonhosted.org/packages/36/7d/904a288da716c8d3ebe3a0ffbf1a1c773afbdd27d14303dc303887e0ac5c/tree_sitter_language_pack-1.9.1-cp310-abi3-win_amd64.whl", hash = "sha256:9217afa41481e7ca89c3fff4085c5057aa3d8dec5587ff7a75c5c3e4f46f630a", size = 2023720, upload-time = "2026-06-18T16:27:31.616Z" },
    { url = "https://files.pythonhosted.org/packages/e9/17/8a8b5c2685f84633d20b81c0e4bee114fb960d6a45fceb622b60322f4b20/tree_sitter_language_pack-1.9.1-cp310-abi3-win_arm64.whl", hash = "sha256:0abc8bca24cc1fd8361b98b7e13111409c18d3a5184c085b2ee613e37c3cd267", size = 1932764, upload-time = "2026-06-18T16:27:32.816Z" },
]
